// !$*UTF8*$!
{
	archiveVersion = 1;
	classes = {
	};
	objectVersion = 51;
	objects = {

/* Begin PBXBuildFile section */
		035F5839262D5D7500BD280F /* AppDelegate.swift in Sources */ = {isa = PBXBuildFile; fileRef = 035F5838262D5D7500BD280F /* AppDelegate.swift */; };
		035F583B262D5D7500BD280F /* SceneDelegate.swift in Sources */ = {isa = PBXBuildFile; fileRef = 035F583A262D5D7500BD280F /* SceneDelegate.swift */; };
		035F583D262D5D7500BD280F /* FriendsListVC.swift in Sources */ = {isa = PBXBuildFile; fileRef = 035F583C262D5D7500BD280F /* FriendsListVC.swift */; };
		035F5840262D5D7500BD280F /* Main.storyboard in Resources */ = {isa = PBXBuildFile; fileRef = 035F583E262D5D7500BD280F /* Main.storyboard */; };
		035F5842262D5D7A00BD280F /* Assets.xcassets in Resources */ = {isa = PBXBuildFile; fileRef = 035F5841262D5D7A00BD280F /* Assets.xcassets */; };
		035F5845262D5D7A00BD280F /* LaunchScreen.storyboard in Resources */ = {isa = PBXBuildFile; fileRef = 035F5843262D5D7A00BD280F /* LaunchScreen.storyboard */; };
		035F5850262D5D7A00BD280F /* ChatTests.swift in Sources */ = {isa = PBXBuildFile; fileRef = 035F584F262D5D7A00BD280F /* ChatTests.swift */; };
		035F585B262D5D7A00BD280F /* ChatUITests.swift in Sources */ = {isa = PBXBuildFile; fileRef = 035F585A262D5D7A00BD280F /* ChatUITests.swift */; };
		035F5886262D631000BD280F /* FriendListCell.swift in Sources */ = {isa = PBXBuildFile; fileRef = 035F5885262D631000BD280F /* FriendListCell.swift */; };
		035F588B262D651D00BD280F /* Chat.swift in Sources */ = {isa = PBXBuildFile; fileRef = 035F588A262D651D00BD280F /* Chat.swift */; };
		035F5896262D88FF00BD280F /* APIService.swift in Sources */ = {isa = PBXBuildFile; fileRef = 035F5895262D88FE00BD280F /* APIService.swift */; };
		035F589E262D8EF200BD280F /* FriendsViewModel.swift in Sources */ = {isa = PBXBuildFile; fileRef = 035F589D262D8EF200BD280F /* FriendsViewModel.swift */; };
		035F5EBD262EDAEF00BD280F /* ChatCell.swift in Sources */ = {isa = PBXBuildFile; fileRef = 035F5EBC262EDAEF00BD280F /* ChatCell.swift */; };
		035F5EC2262EDB9000BD280F /* ChatVC.swift in Sources */ = {isa = PBXBuildFile; fileRef = 035F5EC1262EDB9000BD280F /* ChatVC.swift */; };
		035F5ECE262EEDD600BD280F /* MessagesViewModel.swift in Sources */ = {isa = PBXBuildFile; fileRef = 035F5ECD262EEDD600BD280F /* MessagesViewModel.swift */; };
		035F5ED4262EFAF600BD280F /* Extensions.swift in Sources */ = {isa = PBXBuildFile; fileRef = 035F5ED3262EFAF500BD280F /* Extensions.swift */; };
		0397F54C2631AC8000E90021 /* AssetsName.swift in Sources */ = {isa = PBXBuildFile; fileRef = 0397F54B2631AC7F00E90021 /* AssetsName.swift */; };
		0397F70B2632ED7800E90021 /* DarkerGrotesque-Black.ttf in Resources */ = {isa = PBXBuildFile; fileRef = 0397F7072632E48600E90021 /* DarkerGrotesque-Black.ttf */; };
		0397F70C2632ED7800E90021 /* DarkerGrotesque-Bold.ttf in Resources */ = {isa = PBXBuildFile; fileRef = 0397F7042632E48600E90021 /* DarkerGrotesque-Bold.ttf */; };
		0397F70D2632ED7800E90021 /* DarkerGrotesque-Extrabold.ttf in Resources */ = {isa = PBXBuildFile; fileRef = 0397F7032632E48600E90021 /* DarkerGrotesque-Extrabold.ttf */; };
		0397F70E2632ED7800E90021 /* DarkerGrotesque-Light.ttf in Resources */ = {isa = PBXBuildFile; fileRef = 0397F7062632E48600E90021 /* DarkerGrotesque-Light.ttf */; };
		0397F70F2632ED7800E90021 /* DarkerGrotesque-Medium.ttf in Resources */ = {isa = PBXBuildFile; fileRef = 0397F7012632E48600E90021 /* DarkerGrotesque-Medium.ttf */; };
		0397F7102632ED7800E90021 /* DarkerGrotesque-Regular.ttf in Resources */ = {isa = PBXBuildFile; fileRef = 0397F7022632E48600E90021 /* DarkerGrotesque-Regular.ttf */; };
		0397F7112632ED7800E90021 /* DarkerGrotesque-Semibold.ttf in Resources */ = {isa = PBXBuildFile; fileRef = 0397F7052632E48600E90021 /* DarkerGrotesque-Semibold.ttf */; };
		0397FF0F263822AE00E90021 /* ChatViewModel.swift in Sources */ = {isa = PBXBuildFile; fileRef = 0397FF0E263822AE00E90021 /* ChatViewModel.swift */; };
		0397FF152638278800E90021 /* Enums.swift in Sources */ = {isa = PBXBuildFile; fileRef = 0397FF142638278800E90021 /* Enums.swift */; };
		0397FFA8263B059E00E90021 /* FollowersVC.swift in Sources */ = {isa = PBXBuildFile; fileRef = 0397FFA7263B059A00E90021 /* FollowersVC.swift */; };
		32444C3C52B873F0D5D2F636 /* Pods_Chat_ChatUITests.framework in Frameworks */ = {isa = PBXBuildFile; fileRef = 80981EA740D95D6DFFB1711B /* Pods_Chat_ChatUITests.framework */; };
		ECFA4DCD5FDF3209921329D3 /* Pods_ChatTests.framework in Frameworks */ = {isa = PBXBuildFile; fileRef = AB13B67ABB16E77C02CB8F32 /* Pods_ChatTests.framework */; };
		F5D79E02F2D82D7EF90F03F4 /* Pods_Chat.framework in Frameworks */ = {isa = PBXBuildFile; fileRef = 167BF7AD72F5B9E506EAEB89 /* Pods_Chat.framework */; };
/* End PBXBuildFile section */

/* Begin PBXContainerItemProxy section */
		035F584C262D5D7A00BD280F /* PBXContainerItemProxy */ = {
			isa = PBXContainerItemProxy;
			containerPortal = 035F582D262D5D7400BD280F /* Project object */;
			proxyType = 1;
			remoteGlobalIDString = 035F5834262D5D7400BD280F;
			remoteInfo = Chat;
		};
		035F5857262D5D7A00BD280F /* PBXContainerItemProxy */ = {
			isa = PBXContainerItemProxy;
			containerPortal = 035F582D262D5D7400BD280F /* Project object */;
			proxyType = 1;
			remoteGlobalIDString = 035F5834262D5D7400BD280F;
			remoteInfo = Chat;
		};
/* End PBXContainerItemProxy section */

/* Begin PBXFileReference section */
		035F5835262D5D7400BD280F /* Chat.app */ = {isa = PBXFileReference; explicitFileType = wrapper.application; includeInIndex = 0; path = Chat.app; sourceTree = BUILT_PRODUCTS_DIR; };
		035F5838262D5D7500BD280F /* AppDelegate.swift */ = {isa = PBXFileReference; lastKnownFileType = sourcecode.swift; path = AppDelegate.swift; sourceTree = "<group>"; };
		035F583A262D5D7500BD280F /* SceneDelegate.swift */ = {isa = PBXFileReference; lastKnownFileType = sourcecode.swift; path = SceneDelegate.swift; sourceTree = "<group>"; };
		035F583C262D5D7500BD280F /* FriendsListVC.swift */ = {isa = PBXFileReference; lastKnownFileType = sourcecode.swift; path = FriendsListVC.swift; sourceTree = "<group>"; };
		035F583F262D5D7500BD280F /* Base */ = {isa = PBXFileReference; lastKnownFileType = file.storyboard; name = Base; path = Base.lproj/Main.storyboard; sourceTree = "<group>"; };
		035F5841262D5D7A00BD280F /* Assets.xcassets */ = {isa = PBXFileReference; lastKnownFileType = folder.assetcatalog; path = Assets.xcassets; sourceTree = "<group>"; };
		035F5844262D5D7A00BD280F /* Base */ = {isa = PBXFileReference; lastKnownFileType = file.storyboard; name = Base; path = Base.lproj/LaunchScreen.storyboard; sourceTree = "<group>"; };
		035F5846262D5D7A00BD280F /* Info.plist */ = {isa = PBXFileReference; lastKnownFileType = text.plist.xml; path = Info.plist; sourceTree = "<group>"; };
		035F584B262D5D7A00BD280F /* ChatTests.xctest */ = {isa = PBXFileReference; explicitFileType = wrapper.cfbundle; includeInIndex = 0; path = ChatTests.xctest; sourceTree = BUILT_PRODUCTS_DIR; };
		035F584F262D5D7A00BD280F /* ChatTests.swift */ = {isa = PBXFileReference; lastKnownFileType = sourcecode.swift; path = ChatTests.swift; sourceTree = "<group>"; };
		035F5851262D5D7A00BD280F /* Info.plist */ = {isa = PBXFileReference; lastKnownFileType = text.plist.xml; path = Info.plist; sourceTree = "<group>"; };
		035F5856262D5D7A00BD280F /* ChatUITests.xctest */ = {isa = PBXFileReference; explicitFileType = wrapper.cfbundle; includeInIndex = 0; path = ChatUITests.xctest; sourceTree = BUILT_PRODUCTS_DIR; };
		035F585A262D5D7A00BD280F /* ChatUITests.swift */ = {isa = PBXFileReference; lastKnownFileType = sourcecode.swift; path = ChatUITests.swift; sourceTree = "<group>"; };
		035F585C262D5D7A00BD280F /* Info.plist */ = {isa = PBXFileReference; lastKnownFileType = text.plist.xml; path = Info.plist; sourceTree = "<group>"; };
		035F5885262D631000BD280F /* FriendListCell.swift */ = {isa = PBXFileReference; lastKnownFileType = sourcecode.swift; path = FriendListCell.swift; sourceTree = "<group>"; };
		035F588A262D651D00BD280F /* Chat.swift */ = {isa = PBXFileReference; lastKnownFileType = sourcecode.swift; path = Chat.swift; sourceTree = "<group>"; };
		035F5895262D88FE00BD280F /* APIService.swift */ = {isa = PBXFileReference; lastKnownFileType = sourcecode.swift; path = APIService.swift; sourceTree = "<group>"; };
		035F589D262D8EF200BD280F /* FriendsViewModel.swift */ = {isa = PBXFileReference; lastKnownFileType = sourcecode.swift; path = FriendsViewModel.swift; sourceTree = "<group>"; };
		035F5EBC262EDAEF00BD280F /* ChatCell.swift */ = {isa = PBXFileReference; lastKnownFileType = sourcecode.swift; path = ChatCell.swift; sourceTree = "<group>"; };
		035F5EC1262EDB9000BD280F /* ChatVC.swift */ = {isa = PBXFileReference; lastKnownFileType = sourcecode.swift; path = ChatVC.swift; sourceTree = "<group>"; };
		035F5ECD262EEDD600BD280F /* MessagesViewModel.swift */ = {isa = PBXFileReference; lastKnownFileType = sourcecode.swift; path = MessagesViewModel.swift; sourceTree = "<group>"; };
		035F5ED3262EFAF500BD280F /* Extensions.swift */ = {isa = PBXFileReference; lastKnownFileType = sourcecode.swift; path = Extensions.swift; sourceTree = "<group>"; };
		0397F54B2631AC7F00E90021 /* AssetsName.swift */ = {isa = PBXFileReference; lastKnownFileType = sourcecode.swift; path = AssetsName.swift; sourceTree = "<group>"; };
		0397F7012632E48600E90021 /* DarkerGrotesque-Medium.ttf */ = {isa = PBXFileReference; lastKnownFileType = file; name = "DarkerGrotesque-Medium.ttf"; path = "../../../../../Downloads/darker-grotesque/DarkerGrotesque-Medium.ttf"; sourceTree = "<group>"; };
		0397F7022632E48600E90021 /* DarkerGrotesque-Regular.ttf */ = {isa = PBXFileReference; lastKnownFileType = file; name = "DarkerGrotesque-Regular.ttf"; path = "../../../../../Downloads/darker-grotesque/DarkerGrotesque-Regular.ttf"; sourceTree = "<group>"; };
		0397F7032632E48600E90021 /* DarkerGrotesque-Extrabold.ttf */ = {isa = PBXFileReference; lastKnownFileType = file; name = "DarkerGrotesque-Extrabold.ttf"; path = "../../../../../Downloads/darker-grotesque/DarkerGrotesque-Extrabold.ttf"; sourceTree = "<group>"; };
		0397F7042632E48600E90021 /* DarkerGrotesque-Bold.ttf */ = {isa = PBXFileReference; lastKnownFileType = file; name = "DarkerGrotesque-Bold.ttf"; path = "../../../../../Downloads/darker-grotesque/DarkerGrotesque-Bold.ttf"; sourceTree = "<group>"; };
		0397F7052632E48600E90021 /* DarkerGrotesque-Semibold.ttf */ = {isa = PBXFileReference; lastKnownFileType = file; name = "DarkerGrotesque-Semibold.ttf"; path = "../../../../../Downloads/darker-grotesque/DarkerGrotesque-Semibold.ttf"; sourceTree = "<group>"; };
		0397F7062632E48600E90021 /* DarkerGrotesque-Light.ttf */ = {isa = PBXFileReference; lastKnownFileType = file; name = "DarkerGrotesque-Light.ttf"; path = "../../../../../Downloads/darker-grotesque/DarkerGrotesque-Light.ttf"; sourceTree = "<group>"; };
		0397F7072632E48600E90021 /* DarkerGrotesque-Black.ttf */ = {isa = PBXFileReference; lastKnownFileType = file; name = "DarkerGrotesque-Black.ttf"; path = "../../../../../Downloads/darker-grotesque/DarkerGrotesque-Black.ttf"; sourceTree = "<group>"; };
		0397FF0E263822AE00E90021 /* ChatViewModel.swift */ = {isa = PBXFileReference; lastKnownFileType = sourcecode.swift; path = ChatViewModel.swift; sourceTree = "<group>"; };
		0397FF142638278800E90021 /* Enums.swift */ = {isa = PBXFileReference; lastKnownFileType = sourcecode.swift; path = Enums.swift; sourceTree = "<group>"; };
		0397FFA7263B059A00E90021 /* FollowersVC.swift */ = {isa = PBXFileReference; lastKnownFileType = sourcecode.swift; path = FollowersVC.swift; sourceTree = "<group>"; };
		167BF7AD72F5B9E506EAEB89 /* Pods_Chat.framework */ = {isa = PBXFileReference; explicitFileType = wrapper.framework; includeInIndex = 0; path = Pods_Chat.framework; sourceTree = BUILT_PRODUCTS_DIR; };
		18124CDD18F0A002CCE0FA74 /* Pods-ChatTests.debug.xcconfig */ = {isa = PBXFileReference; includeInIndex = 1; lastKnownFileType = text.xcconfig; name = "Pods-ChatTests.debug.xcconfig"; path = "Target Support Files/Pods-ChatTests/Pods-ChatTests.debug.xcconfig"; sourceTree = "<group>"; };
		44AF03DEF700C0F23F1BD945 /* Pods-Chat-ChatUITests.release.xcconfig */ = {isa = PBXFileReference; includeInIndex = 1; lastKnownFileType = text.xcconfig; name = "Pods-Chat-ChatUITests.release.xcconfig"; path = "Target Support Files/Pods-Chat-ChatUITests/Pods-Chat-ChatUITests.release.xcconfig"; sourceTree = "<group>"; };
		49A76E8B8EA803174DD330BB /* Pods-Chat.debug.xcconfig */ = {isa = PBXFileReference; includeInIndex = 1; lastKnownFileType = text.xcconfig; name = "Pods-Chat.debug.xcconfig"; path = "Target Support Files/Pods-Chat/Pods-Chat.debug.xcconfig"; sourceTree = "<group>"; };
		68B43686023793A41DF25460 /* Pods-ChatTests.release.xcconfig */ = {isa = PBXFileReference; includeInIndex = 1; lastKnownFileType = text.xcconfig; name = "Pods-ChatTests.release.xcconfig"; path = "Target Support Files/Pods-ChatTests/Pods-ChatTests.release.xcconfig"; sourceTree = "<group>"; };
		6AFC295E213B7B9FD3BA88F8 /* Pods-Chat.release.xcconfig */ = {isa = PBXFileReference; includeInIndex = 1; lastKnownFileType = text.xcconfig; name = "Pods-Chat.release.xcconfig"; path = "Target Support Files/Pods-Chat/Pods-Chat.release.xcconfig"; sourceTree = "<group>"; };
		80981EA740D95D6DFFB1711B /* Pods_Chat_ChatUITests.framework */ = {isa = PBXFileReference; explicitFileType = wrapper.framework; includeInIndex = 0; path = Pods_Chat_ChatUITests.framework; sourceTree = BUILT_PRODUCTS_DIR; };
		AB13B67ABB16E77C02CB8F32 /* Pods_ChatTests.framework */ = {isa = PBXFileReference; explicitFileType = wrapper.framework; includeInIndex = 0; path = Pods_ChatTests.framework; sourceTree = BUILT_PRODUCTS_DIR; };
		BA9FAABC38ED8ED1789A05F7 /* Pods-Chat-ChatUITests.debug.xcconfig */ = {isa = PBXFileReference; includeInIndex = 1; lastKnownFileType = text.xcconfig; name = "Pods-Chat-ChatUITests.debug.xcconfig"; path = "Target Support Files/Pods-Chat-ChatUITests/Pods-Chat-ChatUITests.debug.xcconfig"; sourceTree = "<group>"; };
/* End PBXFileReference section */

/* Begin PBXFrameworksBuildPhase section */
		035F5832262D5D7400BD280F /* Frameworks */ = {
			isa = PBXFrameworksBuildPhase;
			buildActionMask = 2147483647;
			files = (
				F5D79E02F2D82D7EF90F03F4 /* Pods_Chat.framework in Frameworks */,
			);
			runOnlyForDeploymentPostprocessing = 0;
		};
		035F5848262D5D7A00BD280F /* Frameworks */ = {
			isa = PBXFrameworksBuildPhase;
			buildActionMask = 2147483647;
			files = (
				ECFA4DCD5FDF3209921329D3 /* Pods_ChatTests.framework in Frameworks */,
			);
			runOnlyForDeploymentPostprocessing = 0;
		};
		035F5853262D5D7A00BD280F /* Frameworks */ = {
			isa = PBXFrameworksBuildPhase;
			buildActionMask = 2147483647;
			files = (
				32444C3C52B873F0D5D2F636 /* Pods_Chat_ChatUITests.framework in Frameworks */,
			);
			runOnlyForDeploymentPostprocessing = 0;
		};
/* End PBXFrameworksBuildPhase section */

/* Begin PBXGroup section */
		035F582C262D5D7400BD280F = {
			isa = PBXGroup;
			children = (
				035F5837262D5D7400BD280F /* Chat */,
				035F584E262D5D7A00BD280F /* ChatTests */,
				035F5859262D5D7A00BD280F /* ChatUITests */,
				035F5836262D5D7400BD280F /* Products */,
				70CCEA69300C2D3BF3A305D4 /* Pods */,
				8BF14D0FA31307F835D0B5E4 /* Frameworks */,
			);
			sourceTree = "<group>";
		};
		035F5836262D5D7400BD280F /* Products */ = {
			isa = PBXGroup;
			children = (
				035F5835262D5D7400BD280F /* Chat.app */,
				035F584B262D5D7A00BD280F /* ChatTests.xctest */,
				035F5856262D5D7A00BD280F /* ChatUITests.xctest */,
			);
			name = Products;
			sourceTree = "<group>";
		};
		035F5837262D5D7400BD280F /* Chat */ = {
			isa = PBXGroup;
			children = (
				0397FF132638277600E90021 /* Enums */,
				035F586B262D5D9B00BD280F /* Model */,
				035F586D262D5DAF00BD280F /* View */,
				035F586C262D5DA700BD280F /* ViewModel */,
				035F58A7262D910C00BD280F /* Cells */,
				035F58A6262D90EB00BD280F /* General */,
				035F5894262D88E100BD280F /* APIService */,
				035F5ED2262EFAD400BD280F /* Extensions */,
				0397F7002632E45000E90021 /* Fonts */,
				035F58A8262D915900BD280F /* Assets */,
				035F5846262D5D7A00BD280F /* Info.plist */,
			);
			path = Chat;
			sourceTree = "<group>";
		};
		035F584E262D5D7A00BD280F /* ChatTests */ = {
			isa = PBXGroup;
			children = (
				035F584F262D5D7A00BD280F /* ChatTests.swift */,
				035F5851262D5D7A00BD280F /* Info.plist */,
			);
			path = ChatTests;
			sourceTree = "<group>";
		};
		035F5859262D5D7A00BD280F /* ChatUITests */ = {
			isa = PBXGroup;
			children = (
				035F585A262D5D7A00BD280F /* ChatUITests.swift */,
				035F585C262D5D7A00BD280F /* Info.plist */,
			);
			path = ChatUITests;
			sourceTree = "<group>";
		};
		035F586B262D5D9B00BD280F /* Model */ = {
			isa = PBXGroup;
			children = (
				035F588A262D651D00BD280F /* Chat.swift */,
			);
			path = Model;
			sourceTree = "<group>";
		};
		035F586C262D5DA700BD280F /* ViewModel */ = {
			isa = PBXGroup;
			children = (
				035F589D262D8EF200BD280F /* FriendsViewModel.swift */,
				035F5ECD262EEDD600BD280F /* MessagesViewModel.swift */,
				0397FF0E263822AE00E90021 /* ChatViewModel.swift */,
			);
			path = ViewModel;
			sourceTree = "<group>";
		};
		035F586D262D5DAF00BD280F /* View */ = {
			isa = PBXGroup;
			children = (
				035F583C262D5D7500BD280F /* FriendsListVC.swift */,
				035F583E262D5D7500BD280F /* Main.storyboard */,
				035F5843262D5D7A00BD280F /* LaunchScreen.storyboard */,
				035F5EC1262EDB9000BD280F /* ChatVC.swift */,
				0397FFA7263B059A00E90021 /* FollowersVC.swift */,
			);
			path = View;
			sourceTree = "<group>";
		};
		035F5894262D88E100BD280F /* APIService */ = {
			isa = PBXGroup;
			children = (
				035F5895262D88FE00BD280F /* APIService.swift */,
			);
			path = APIService;
			sourceTree = "<group>";
		};
		035F58A6262D90EB00BD280F /* General */ = {
			isa = PBXGroup;
			children = (
				035F5838262D5D7500BD280F /* AppDelegate.swift */,
				035F583A262D5D7500BD280F /* SceneDelegate.swift */,
			);
			path = General;
			sourceTree = "<group>";
		};
		035F58A7262D910C00BD280F /* Cells */ = {
			isa = PBXGroup;
			children = (
				035F5885262D631000BD280F /* FriendListCell.swift */,
				035F5EBC262EDAEF00BD280F /* ChatCell.swift */,
			);
			path = Cells;
			sourceTree = "<group>";
		};
		035F58A8262D915900BD280F /* Assets */ = {
			isa = PBXGroup;
			children = (
				035F5841262D5D7A00BD280F /* Assets.xcassets */,
				0397F54B2631AC7F00E90021 /* AssetsName.swift */,
			);
			path = Assets;
			sourceTree = "<group>";
		};
		035F5ED2262EFAD400BD280F /* Extensions */ = {
			isa = PBXGroup;
			children = (
				035F5ED3262EFAF500BD280F /* Extensions.swift */,
			);
			path = Extensions;
			sourceTree = "<group>";
		};
		0397F7002632E45000E90021 /* Fonts */ = {
			isa = PBXGroup;
			children = (
				0397F7072632E48600E90021 /* DarkerGrotesque-Black.ttf */,
				0397F7042632E48600E90021 /* DarkerGrotesque-Bold.ttf */,
				0397F7032632E48600E90021 /* DarkerGrotesque-Extrabold.ttf */,
				0397F7062632E48600E90021 /* DarkerGrotesque-Light.ttf */,
				0397F7012632E48600E90021 /* DarkerGrotesque-Medium.ttf */,
				0397F7022632E48600E90021 /* DarkerGrotesque-Regular.ttf */,
				0397F7052632E48600E90021 /* DarkerGrotesque-Semibold.ttf */,
			);
			path = Fonts;
			sourceTree = "<group>";
		};
		0397FF132638277600E90021 /* Enums */ = {
			isa = PBXGroup;
			children = (
				0397FF142638278800E90021 /* Enums.swift */,
			);
			path = Enums;
			sourceTree = "<group>";
		};
		70CCEA69300C2D3BF3A305D4 /* Pods */ = {
			isa = PBXGroup;
			children = (
				49A76E8B8EA803174DD330BB /* Pods-Chat.debug.xcconfig */,
				6AFC295E213B7B9FD3BA88F8 /* Pods-Chat.release.xcconfig */,
				BA9FAABC38ED8ED1789A05F7 /* Pods-Chat-ChatUITests.debug.xcconfig */,
				44AF03DEF700C0F23F1BD945 /* Pods-Chat-ChatUITests.release.xcconfig */,
				18124CDD18F0A002CCE0FA74 /* Pods-ChatTests.debug.xcconfig */,
				68B43686023793A41DF25460 /* Pods-ChatTests.release.xcconfig */,
			);
			path = Pods;
			sourceTree = "<group>";
		};
		8BF14D0FA31307F835D0B5E4 /* Frameworks */ = {
			isa = PBXGroup;
			children = (
				167BF7AD72F5B9E506EAEB89 /* Pods_Chat.framework */,
				80981EA740D95D6DFFB1711B /* Pods_Chat_ChatUITests.framework */,
				AB13B67ABB16E77C02CB8F32 /* Pods_ChatTests.framework */,
			);
			name = Frameworks;
			sourceTree = "<group>";
		};
/* End PBXGroup section */

/* Begin PBXNativeTarget section */
		035F5834262D5D7400BD280F /* Chat */ = {
			isa = PBXNativeTarget;
			buildConfigurationList = 035F585F262D5D7A00BD280F /* Build configuration list for PBXNativeTarget "Chat" */;
			buildPhases = (
				988050E27C33509ABBD00B91 /* [CP] Check Pods Manifest.lock */,
				035F5831262D5D7400BD280F /* Sources */,
				035F5832262D5D7400BD280F /* Frameworks */,
				035F5833262D5D7400BD280F /* Resources */,
				05455703D978510A3EA4CAC6 /* [CP] Embed Pods Frameworks */,
			);
			buildRules = (
			);
			dependencies = (
			);
			name = Chat;
			productName = Chat;
			productReference = 035F5835262D5D7400BD280F /* Chat.app */;
			productType = "com.apple.product-type.application";
		};
		035F584A262D5D7A00BD280F /* ChatTests */ = {
			isa = PBXNativeTarget;
			buildConfigurationList = 035F5862262D5D7A00BD280F /* Build configuration list for PBXNativeTarget "ChatTests" */;
			buildPhases = (
				7570D673636072C76ABF00BB /* [CP] Check Pods Manifest.lock */,
				035F5847262D5D7A00BD280F /* Sources */,
				035F5848262D5D7A00BD280F /* Frameworks */,
				035F5849262D5D7A00BD280F /* Resources */,
			);
			buildRules = (
			);
			dependencies = (
				035F584D262D5D7A00BD280F /* PBXTargetDependency */,
			);
			name = ChatTests;
			productName = ChatTests;
			productReference = 035F584B262D5D7A00BD280F /* ChatTests.xctest */;
			productType = "com.apple.product-type.bundle.unit-test";
		};
		035F5855262D5D7A00BD280F /* ChatUITests */ = {
			isa = PBXNativeTarget;
			buildConfigurationList = 035F5865262D5D7A00BD280F /* Build configuration list for PBXNativeTarget "ChatUITests" */;
			buildPhases = (
				798D420850E4FFCC094805CF /* [CP] Check Pods Manifest.lock */,
				035F5852262D5D7A00BD280F /* Sources */,
				035F5853262D5D7A00BD280F /* Frameworks */,
				035F5854262D5D7A00BD280F /* Resources */,
				B72F6D65C6B000DD86662A04 /* [CP] Embed Pods Frameworks */,
			);
			buildRules = (
			);
			dependencies = (
				035F5858262D5D7A00BD280F /* PBXTargetDependency */,
			);
			name = ChatUITests;
			productName = ChatUITests;
			productReference = 035F5856262D5D7A00BD280F /* ChatUITests.xctest */;
			productType = "com.apple.product-type.bundle.ui-testing";
		};
/* End PBXNativeTarget section */

/* Begin PBXProject section */
		035F582D262D5D7400BD280F /* Project object */ = {
			isa = PBXProject;
			attributes = {
				LastSwiftUpdateCheck = 1240;
				LastUpgradeCheck = 1240;
				TargetAttributes = {
					035F5834262D5D7400BD280F = {
						CreatedOnToolsVersion = 12.4;
					};
					035F584A262D5D7A00BD280F = {
						CreatedOnToolsVersion = 12.4;
						TestTargetID = 035F5834262D5D7400BD280F;
					};
					035F5855262D5D7A00BD280F = {
						CreatedOnToolsVersion = 12.4;
						TestTargetID = 035F5834262D5D7400BD280F;
					};
				};
			};
			buildConfigurationList = 035F5830262D5D7400BD280F /* Build configuration list for PBXProject "Chat" */;
			compatibilityVersion = "Xcode 9.3";
			developmentRegion = en;
			hasScannedForEncodings = 0;
			knownRegions = (
				en,
				Base,
			);
			mainGroup = 035F582C262D5D7400BD280F;
			productRefGroup = 035F5836262D5D7400BD280F /* Products */;
			projectDirPath = "";
			projectRoot = "";
			targets = (
				035F5834262D5D7400BD280F /* Chat */,
				035F584A262D5D7A00BD280F /* ChatTests */,
				035F5855262D5D7A00BD280F /* ChatUITests */,
			);
		};
/* End PBXProject section */

/* Begin PBXResourcesBuildPhase section */
		035F5833262D5D7400BD280F /* Resources */ = {
			isa = PBXResourcesBuildPhase;
			buildActionMask = 2147483647;
			files = (
				0397F70B2632ED7800E90021 /* DarkerGrotesque-Black.ttf in Resources */,
				0397F70C2632ED7800E90021 /* DarkerGrotesque-Bold.ttf in Resources */,
				0397F70D2632ED7800E90021 /* DarkerGrotesque-Extrabold.ttf in Resources */,
				0397F70E2632ED7800E90021 /* DarkerGrotesque-Light.ttf in Resources */,
				0397F70F2632ED7800E90021 /* DarkerGrotesque-Medium.ttf in Resources */,
				0397F7102632ED7800E90021 /* DarkerGrotesque-Regular.ttf in Resources */,
				0397F7112632ED7800E90021 /* DarkerGrotesque-Semibold.ttf in Resources */,
				035F5845262D5D7A00BD280F /* LaunchScreen.storyboard in Resources */,
				035F5842262D5D7A00BD280F /* Assets.xcassets in Resources */,
				035F5840262D5D7500BD280F /* Main.storyboard in Resources */,
			);
			runOnlyForDeploymentPostprocessing = 0;
		};
		035F5849262D5D7A00BD280F /* Resources */ = {
			isa = PBXResourcesBuildPhase;
			buildActionMask = 2147483647;
			files = (
			);
			runOnlyForDeploymentPostprocessing = 0;
		};
		035F5854262D5D7A00BD280F /* Resources */ = {
			isa = PBXResourcesBuildPhase;
			buildActionMask = 2147483647;
			files = (
			);
			runOnlyForDeploymentPostprocessing = 0;
		};
/* End PBXResourcesBuildPhase section */

/* Begin PBXShellScriptBuildPhase section */
		05455703D978510A3EA4CAC6 /* [CP] Embed Pods Frameworks */ = {
			isa = PBXShellScriptBuildPhase;
			buildActionMask = 2147483647;
			files = (
			);
			inputFileListPaths = (
				"${PODS_ROOT}/Target Support Files/Pods-Chat/Pods-Chat-frameworks-${CONFIGURATION}-input-files.xcfilelist",
			);
			name = "[CP] Embed Pods Frameworks";
			outputFileListPaths = (
				"${PODS_ROOT}/Target Support Files/Pods-Chat/Pods-Chat-frameworks-${CONFIGURATION}-output-files.xcfilelist",
			);
			runOnlyForDeploymentPostprocessing = 0;
			shellPath = /bin/sh;
			shellScript = "\"${PODS_ROOT}/Target Support Files/Pods-Chat/Pods-Chat-frameworks.sh\"\n";
			showEnvVarsInLog = 0;
		};
		7570D673636072C76ABF00BB /* [CP] Check Pods Manifest.lock */ = {
			isa = PBXShellScriptBuildPhase;
			buildActionMask = 2147483647;
			files = (
			);
			inputFileListPaths = (
			);
			inputPaths = (
				"${PODS_PODFILE_DIR_PATH}/Podfile.lock",
				"${PODS_ROOT}/Manifest.lock",
			);
			name = "[CP] Check Pods Manifest.lock";
			outputFileListPaths = (
			);
			outputPaths = (
				"$(DERIVED_FILE_DIR)/Pods-ChatTests-checkManifestLockResult.txt",
			);
			runOnlyForDeploymentPostprocessing = 0;
			shellPath = /bin/sh;
			shellScript = "diff \"${PODS_PODFILE_DIR_PATH}/Podfile.lock\" \"${PODS_ROOT}/Manifest.lock\" > /dev/null\nif [ $? != 0 ] ; then\n    # print error to STDERR\n    echo \"error: The sandbox is not in sync with the Podfile.lock. Run 'pod install' or update your CocoaPods installation.\" >&2\n    exit 1\nfi\n# This output is used by Xcode 'outputs' to avoid re-running this script phase.\necho \"SUCCESS\" > \"${SCRIPT_OUTPUT_FILE_0}\"\n";
			showEnvVarsInLog = 0;
		};
		798D420850E4FFCC094805CF /* [CP] Check Pods Manifest.lock */ = {
			isa = PBXShellScriptBuildPhase;
			buildActionMask = 2147483647;
			files = (
			);
			inputFileListPaths = (
			);
			inputPaths = (
				"${PODS_PODFILE_DIR_PATH}/Podfile.lock",
				"${PODS_ROOT}/Manifest.lock",
			);
			name = "[CP] Check Pods Manifest.lock";
			outputFileListPaths = (
			);
			outputPaths = (
				"$(DERIVED_FILE_DIR)/Pods-Chat-ChatUITests-checkManifestLockResult.txt",
			);
			runOnlyForDeploymentPostprocessing = 0;
			shellPath = /bin/sh;
			shellScript = "diff \"${PODS_PODFILE_DIR_PATH}/Podfile.lock\" \"${PODS_ROOT}/Manifest.lock\" > /dev/null\nif [ $? != 0 ] ; then\n    # print error to STDERR\n    echo \"error: The sandbox is not in sync with the Podfile.lock. Run 'pod install' or update your CocoaPods installation.\" >&2\n    exit 1\nfi\n# This output is used by Xcode 'outputs' to avoid re-running this script phase.\necho \"SUCCESS\" > \"${SCRIPT_OUTPUT_FILE_0}\"\n";
			showEnvVarsInLog = 0;
		};
		988050E27C33509ABBD00B91 /* [CP] Check Pods Manifest.lock */ = {
			isa = PBXShellScriptBuildPhase;
			buildActionMask = 2147483647;
			files = (
			);
			inputFileListPaths = (
			);
			inputPaths = (
				"${PODS_PODFILE_DIR_PATH}/Podfile.lock",
				"${PODS_ROOT}/Manifest.lock",
			);
			name = "[CP] Check Pods Manifest.lock";
			outputFileListPaths = (
			);
			outputPaths = (
				"$(DERIVED_FILE_DIR)/Pods-Chat-checkManifestLockResult.txt",
			);
			runOnlyForDeploymentPostprocessing = 0;
			shellPath = /bin/sh;
			shellScript = "diff \"${PODS_PODFILE_DIR_PATH}/Podfile.lock\" \"${PODS_ROOT}/Manifest.lock\" > /dev/null\nif [ $? != 0 ] ; then\n    # print error to STDERR\n    echo \"error: The sandbox is not in sync with the Podfile.lock. Run 'pod install' or update your CocoaPods installation.\" >&2\n    exit 1\nfi\n# This output is used by Xcode 'outputs' to avoid re-running this script phase.\necho \"SUCCESS\" > \"${SCRIPT_OUTPUT_FILE_0}\"\n";
			showEnvVarsInLog = 0;
		};
		B72F6D65C6B000DD86662A04 /* [CP] Embed Pods Frameworks */ = {
			isa = PBXShellScriptBuildPhase;
			buildActionMask = 2147483647;
			files = (
			);
			inputFileListPaths = (
				"${PODS_ROOT}/Target Support Files/Pods-Chat-ChatUITests/Pods-Chat-ChatUITests-frameworks-${CONFIGURATION}-input-files.xcfilelist",
			);
			name = "[CP] Embed Pods Frameworks";
			outputFileListPaths = (
				"${PODS_ROOT}/Target Support Files/Pods-Chat-ChatUITests/Pods-Chat-ChatUITests-frameworks-${CONFIGURATION}-output-files.xcfilelist",
			);
			runOnlyForDeploymentPostprocessing = 0;
			shellPath = /bin/sh;
			shellScript = "\"${PODS_ROOT}/Target Support Files/Pods-Chat-ChatUITests/Pods-Chat-ChatUITests-frameworks.sh\"\n";
			showEnvVarsInLog = 0;
		};
/* End PBXShellScriptBuildPhase section */

/* Begin PBXSourcesBuildPhase section */
		035F5831262D5D7400BD280F /* Sources */ = {
			isa = PBXSourcesBuildPhase;
			buildActionMask = 2147483647;
			files = (
				0397FF0F263822AE00E90021 /* ChatViewModel.swift in Sources */,
				035F5EC2262EDB9000BD280F /* ChatVC.swift in Sources */,
				035F583D262D5D7500BD280F /* FriendsListVC.swift in Sources */,
				035F5ECE262EEDD600BD280F /* MessagesViewModel.swift in Sources */,
				0397FF152638278800E90021 /* Enums.swift in Sources */,
				035F5EBD262EDAEF00BD280F /* ChatCell.swift in Sources */,
				035F5896262D88FF00BD280F /* APIService.swift in Sources */,
				035F5839262D5D7500BD280F /* AppDelegate.swift in Sources */,
				0397FFA8263B059E00E90021 /* FollowersVC.swift in Sources */,
				035F583B262D5D7500BD280F /* SceneDelegate.swift in Sources */,
				035F589E262D8EF200BD280F /* FriendsViewModel.swift in Sources */,
				035F588B262D651D00BD280F /* Chat.swift in Sources */,
				035F5ED4262EFAF600BD280F /* Extensions.swift in Sources */,
				035F5886262D631000BD280F /* FriendListCell.swift in Sources */,
				0397F54C2631AC8000E90021 /* AssetsName.swift in Sources */,
			);
			runOnlyForDeploymentPostprocessing = 0;
		};
		035F5847262D5D7A00BD280F /* Sources */ = {
			isa = PBXSourcesBuildPhase;
			buildActionMask = 2147483647;
			files = (
				035F5850262D5D7A00BD280F /* ChatTests.swift in Sources */,
			);
			runOnlyForDeploymentPostprocessing = 0;
		};
		035F5852262D5D7A00BD280F /* Sources */ = {
			isa = PBXSourcesBuildPhase;
			buildActionMask = 2147483647;
			files = (
				035F585B262D5D7A00BD280F /* ChatUITests.swift in Sources */,
			);
			runOnlyForDeploymentPostprocessing = 0;
		};
/* End PBXSourcesBuildPhase section */

/* Begin PBXTargetDependency section */
		035F584D262D5D7A00BD280F /* PBXTargetDependency */ = {
			isa = PBXTargetDependency;
			target = 035F5834262D5D7400BD280F /* Chat */;
			targetProxy = 035F584C262D5D7A00BD280F /* PBXContainerItemProxy */;
		};
		035F5858262D5D7A00BD280F /* PBXTargetDependency */ = {
			isa = PBXTargetDependency;
			target = 035F5834262D5D7400BD280F /* Chat */;
			targetProxy = 035F5857262D5D7A00BD280F /* PBXContainerItemProxy */;
		};
/* End PBXTargetDependency section */

/* Begin PBXVariantGroup section */
		035F583E262D5D7500BD280F /* Main.storyboard */ = {
			isa = PBXVariantGroup;
			children = (
				035F583F262D5D7500BD280F /* Base */,
			);
			name = Main.storyboard;
			sourceTree = "<group>";
		};
		035F5843262D5D7A00BD280F /* LaunchScreen.storyboard */ = {
			isa = PBXVariantGroup;
			children = (
				035F5844262D5D7A00BD280F /* Base */,
			);
			name = LaunchScreen.storyboard;
			sourceTree = "<group>";
		};
/* End PBXVariantGroup section */

/* Begin XCBuildConfiguration section */
		035F585D262D5D7A00BD280F /* Debug */ = {
			isa = XCBuildConfiguration;
			buildSettings = {
				ALWAYS_SEARCH_USER_PATHS = NO;
				CLANG_ANALYZER_NONNULL = YES;
				CLANG_ANALYZER_NUMBER_OBJECT_CONVERSION = YES_AGGRESSIVE;
				CLANG_CXX_LANGUAGE_STANDARD = "gnu++14";
				CLANG_CXX_LIBRARY = "libc++";
				CLANG_ENABLE_MODULES = YES;
				CLANG_ENABLE_OBJC_ARC = YES;
				CLANG_ENABLE_OBJC_WEAK = YES;
				CLANG_WARN_BLOCK_CAPTURE_AUTORELEASING = YES;
				CLANG_WARN_BOOL_CONVERSION = YES;
				CLANG_WARN_COMMA = YES;
				CLANG_WARN_CONSTANT_CONVERSION = YES;
				CLANG_WARN_DEPRECATED_OBJC_IMPLEMENTATIONS = YES;
				CLANG_WARN_DIRECT_OBJC_ISA_USAGE = YES_ERROR;
				CLANG_WARN_DOCUMENTATION_COMMENTS = YES;
				CLANG_WARN_EMPTY_BODY = YES;
				CLANG_WARN_ENUM_CONVERSION = YES;
				CLANG_WARN_INFINITE_RECURSION = YES;
				CLANG_WARN_INT_CONVERSION = YES;
				CLANG_WARN_NON_LITERAL_NULL_CONVERSION = YES;
				CLANG_WARN_OBJC_IMPLICIT_RETAIN_SELF = YES;
				CLANG_WARN_OBJC_LITERAL_CONVERSION = YES;
				CLANG_WARN_OBJC_ROOT_CLASS = YES_ERROR;
				CLANG_WARN_QUOTED_INCLUDE_IN_FRAMEWORK_HEADER = YES;
				CLANG_WARN_RANGE_LOOP_ANALYSIS = YES;
				CLANG_WARN_STRICT_PROTOTYPES = YES;
				CLANG_WARN_SUSPICIOUS_MOVE = YES;
				CLANG_WARN_UNGUARDED_AVAILABILITY = YES_AGGRESSIVE;
				CLANG_WARN_UNREACHABLE_CODE = YES;
				CLANG_WARN__DUPLICATE_METHOD_MATCH = YES;
				COPY_PHASE_STRIP = NO;
				DEBUG_INFORMATION_FORMAT = dwarf;
				ENABLE_STRICT_OBJC_MSGSEND = YES;
				ENABLE_TESTABILITY = YES;
				GCC_C_LANGUAGE_STANDARD = gnu11;
				GCC_DYNAMIC_NO_PIC = NO;
				GCC_NO_COMMON_BLOCKS = YES;
				GCC_OPTIMIZATION_LEVEL = 0;
				GCC_PREPROCESSOR_DEFINITIONS = (
					"DEBUG=1",
					"$(inherited)",
				);
				GCC_WARN_64_TO_32_BIT_CONVERSION = YES;
				GCC_WARN_ABOUT_RETURN_TYPE = YES_ERROR;
				GCC_WARN_UNDECLARED_SELECTOR = YES;
				GCC_WARN_UNINITIALIZED_AUTOS = YES_AGGRESSIVE;
				GCC_WARN_UNUSED_FUNCTION = YES;
				GCC_WARN_UNUSED_VARIABLE = YES;
				IPHONEOS_DEPLOYMENT_TARGET = 14.4;
				MTL_ENABLE_DEBUG_INFO = INCLUDE_SOURCE;
				MTL_FAST_MATH = YES;
				ONLY_ACTIVE_ARCH = YES;
				SDKROOT = iphoneos;
				SWIFT_ACTIVE_COMPILATION_CONDITIONS = DEBUG;
				SWIFT_OPTIMIZATION_LEVEL = "-Onone";
			};
			name = Debug;
		};
		035F585E262D5D7A00BD280F /* Release */ = {
			isa = XCBuildConfiguration;
			buildSettings = {
				ALWAYS_SEARCH_USER_PATHS = NO;
				CLANG_ANALYZER_NONNULL = YES;
				CLANG_ANALYZER_NUMBER_OBJECT_CONVERSION = YES_AGGRESSIVE;
				CLANG_CXX_LANGUAGE_STANDARD = "gnu++14";
				CLANG_CXX_LIBRARY = "libc++";
				CLANG_ENABLE_MODULES = YES;
				CLANG_ENABLE_OBJC_ARC = YES;
				CLANG_ENABLE_OBJC_WEAK = YES;
				CLANG_WARN_BLOCK_CAPTURE_AUTORELEASING = YES;
				CLANG_WARN_BOOL_CONVERSION = YES;
				CLANG_WARN_COMMA = YES;
				CLANG_WARN_CONSTANT_CONVERSION = YES;
				CLANG_WARN_DEPRECATED_OBJC_IMPLEMENTATIONS = YES;
				CLANG_WARN_DIRECT_OBJC_ISA_USAGE = YES_ERROR;
				CLANG_WARN_DOCUMENTATION_COMMENTS = YES;
				CLANG_WARN_EMPTY_BODY = YES;
				CLANG_WARN_ENUM_CONVERSION = YES;
				CLANG_WARN_INFINITE_RECURSION = YES;
				CLANG_WARN_INT_CONVERSION = YES;
				CLANG_WARN_NON_LITERAL_NULL_CONVERSION = YES;
				CLANG_WARN_OBJC_IMPLICIT_RETAIN_SELF = YES;
				CLANG_WARN_OBJC_LITERAL_CONVERSION = YES;
				CLANG_WARN_OBJC_ROOT_CLASS = YES_ERROR;
				CLANG_WARN_QUOTED_INCLUDE_IN_FRAMEWORK_HEADER = YES;
				CLANG_WARN_RANGE_LOOP_ANALYSIS = YES;
				CLANG_WARN_STRICT_PROTOTYPES = YES;
				CLANG_WARN_SUSPICIOUS_MOVE = YES;
				CLANG_WARN_UNGUARDED_AVAILABILITY = YES_AGGRESSIVE;
				CLANG_WARN_UNREACHABLE_CODE = YES;
				CLANG_WARN__DUPLICATE_METHOD_MATCH = YES;
				COPY_PHASE_STRIP = NO;
				DEBUG_INFORMATION_FORMAT = "dwarf-with-dsym";
				ENABLE_NS_ASSERTIONS = NO;
				ENABLE_STRICT_OBJC_MSGSEND = YES;
				GCC_C_LANGUAGE_STANDARD = gnu11;
				GCC_NO_COMMON_BLOCKS = YES;
				GCC_WARN_64_TO_32_BIT_CONVERSION = YES;
				GCC_WARN_ABOUT_RETURN_TYPE = YES_ERROR;
				GCC_WARN_UNDECLARED_SELECTOR = YES;
				GCC_WARN_UNINITIALIZED_AUTOS = YES_AGGRESSIVE;
				GCC_WARN_UNUSED_FUNCTION = YES;
				GCC_WARN_UNUSED_VARIABLE = YES;
				IPHONEOS_DEPLOYMENT_TARGET = 14.4;
				MTL_ENABLE_DEBUG_INFO = NO;
				MTL_FAST_MATH = YES;
				SDKROOT = iphoneos;
				SWIFT_COMPILATION_MODE = wholemodule;
				SWIFT_OPTIMIZATION_LEVEL = "-O";
				VALIDATE_PRODUCT = YES;
			};
			name = Release;
		};
		035F5860262D5D7A00BD280F /* Debug */ = {
			isa = XCBuildConfiguration;
			baseConfigurationReference = 49A76E8B8EA803174DD330BB /* Pods-Chat.debug.xcconfig */;
			buildSettings = {
				ASSETCATALOG_COMPILER_APPICON_NAME = AppIcon;
				ASSETCATALOG_COMPILER_GLOBAL_ACCENT_COLOR_NAME = AccentColor;
				CODE_SIGN_STYLE = Automatic;
				DEVELOPMENT_TEAM = X2U9HMBMZB;
				INFOPLIST_FILE = Chat/Info.plist;
				LD_RUNPATH_SEARCH_PATHS = (
					"$(inherited)",
					"@executable_path/Frameworks",
				);
				PRODUCT_BUNDLE_IDENTIFIER = com.app.module.Chat;
				PRODUCT_NAME = "$(TARGET_NAME)";
				SWIFT_VERSION = 5.0;
				TARGETED_DEVICE_FAMILY = "1,2";
			};
			name = Debug;
		};
		035F5861262D5D7A00BD280F /* Release */ = {
			isa = XCBuildConfiguration;
			baseConfigurationReference = 6AFC295E213B7B9FD3BA88F8 /* Pods-Chat.release.xcconfig */;
			buildSettings = {
				ASSETCATALOG_COMPILER_APPICON_NAME = AppIcon;
				ASSETCATALOG_COMPILER_GLOBAL_ACCENT_COLOR_NAME = AccentColor;
				CODE_SIGN_STYLE = Automatic;
				DEVELOPMENT_TEAM = X2U9HMBMZB;
				INFOPLIST_FILE = Chat/Info.plist;
				LD_RUNPATH_SEARCH_PATHS = (
					"$(inherited)",
					"@executable_path/Frameworks",
				);
				PRODUCT_BUNDLE_IDENTIFIER = com.app.module.Chat;
				PRODUCT_NAME = "$(TARGET_NAME)";
				SWIFT_VERSION = 5.0;
				TARGETED_DEVICE_FAMILY = "1,2";
			};
			name = Release;
		};
		035F5863262D5D7A00BD280F /* Debug */ = {
			isa = XCBuildConfiguration;
			baseConfigurationReference = 18124CDD18F0A002CCE0FA74 /* Pods-ChatTests.debug.xcconfig */;
			buildSettings = {
				ALWAYS_EMBED_SWIFT_STANDARD_LIBRARIES = YES;
				BUNDLE_LOADER = "$(TEST_HOST)";
				CODE_SIGN_STYLE = Automatic;
				INFOPLIST_FILE = ChatTests/Info.plist;
				IPHONEOS_DEPLOYMENT_TARGET = 14.4;
				LD_RUNPATH_SEARCH_PATHS = (
					"$(inherited)",
					"@executable_path/Frameworks",
					"@loader_path/Frameworks",
				);
				PRODUCT_BUNDLE_IDENTIFIER = com.app.module.ChatTests;
				PRODUCT_NAME = "$(TARGET_NAME)";
				SWIFT_VERSION = 5.0;
				TARGETED_DEVICE_FAMILY = "1,2";
				TEST_HOST = "$(BUILT_PRODUCTS_DIR)/Chat.app/Chat";
			};
			name = Debug;
		};
		035F5864262D5D7A00BD280F /* Release */ = {
			isa = XCBuildConfiguration;
			baseConfigurationReference = 68B43686023793A41DF25460 /* Pods-ChatTests.release.xcconfig */;
			buildSettings = {
				ALWAYS_EMBED_SWIFT_STANDARD_LIBRARIES = YES;
				BUNDLE_LOADER = "$(TEST_HOST)";
				CODE_SIGN_STYLE = Automatic;
				INFOPLIST_FILE = ChatTests/Info.plist;
				IPHONEOS_DEPLOYMENT_TARGET = 14.4;
				LD_RUNPATH_SEARCH_PATHS = (
					"$(inherited)",
					"@executable_path/Frameworks",
					"@loader_path/Frameworks",
				);
				PRODUCT_BUNDLE_IDENTIFIER = com.app.module.ChatTests;
				PRODUCT_NAME = "$(TARGET_NAME)";
				SWIFT_VERSION = 5.0;
				TARGETED_DEVICE_FAMILY = "1,2";
				TEST_HOST = "$(BUILT_PRODUCTS_DIR)/Chat.app/Chat";
			};
			name = Release;
		};
		035F5866262D5D7A00BD280F /* Debug */ = {
			isa = XCBuildConfiguration;
			baseConfigurationReference = BA9FAABC38ED8ED1789A05F7 /* Pods-Chat-ChatUITests.debug.xcconfig */;
			buildSettings = {
				ALWAYS_EMBED_SWIFT_STANDARD_LIBRARIES = YES;
				CODE_SIGN_STYLE = Automatic;
				INFOPLIST_FILE = ChatUITests/Info.plist;
				LD_RUNPATH_SEARCH_PATHS = (
					"$(inherited)",
					"@executable_path/Frameworks",
					"@loader_path/Frameworks",
				);
				PRODUCT_BUNDLE_IDENTIFIER = com.app.module.ChatUITests;
				PRODUCT_NAME = "$(TARGET_NAME)";
				SWIFT_VERSION = 5.0;
				TARGETED_DEVICE_FAMILY = "1,2";
				TEST_TARGET_NAME = Chat;
			};
			name = Debug;
		};
		035F5867262D5D7A00BD280F /* Release */ = {
			isa = XCBuildConfiguration;
			baseConfigurationReference = 44AF03DEF700C0F23F1BD945 /* Pods-Chat-ChatUITests.release.xcconfig */;
			buildSettings = {
				ALWAYS_EMBED_SWIFT_STANDARD_LIBRARIES = YES;
				CODE_SIGN_STYLE = Automatic;
				INFOPLIST_FILE = ChatUITests/Info.plist;
				LD_RUNPATH_SEARCH_PATHS = (
					"$(inherited)",
					"@executable_path/Frameworks",
					"@loader_path/Frameworks",
				);
				PRODUCT_BUNDLE_IDENTIFIER = com.app.module.ChatUITests;
				PRODUCT_NAME = "$(TARGET_NAME)";
				SWIFT_VERSION = 5.0;
				TARGETED_DEVICE_FAMILY = "1,2";
				TEST_TARGET_NAME = Chat;
			};
			name = Release;
		};
/* End XCBuildConfiguration section */

/* Begin XCConfigurationList section */
		035F5830262D5D7400BD280F /* Build configuration list for PBXProject "Chat" */ = {
			isa = XCConfigurationList;
			buildConfigurations = (
				035F585D262D5D7A00BD280F /* Debug */,
				035F585E262D5D7A00BD280F /* Release */,
			);
			defaultConfigurationIsVisible = 0;
			defaultConfigurationName = Release;
		};
		035F585F262D5D7A00BD280F /* Build configuration list for PBXNativeTarget "Chat" */ = {
			isa = XCConfigurationList;
			buildConfigurations = (
				035F5860262D5D7A00BD280F /* Debug */,
				035F5861262D5D7A00BD280F /* Release */,
			);
			defaultConfigurationIsVisible = 0;
			defaultConfigurationName = Release;
		};
		035F5862262D5D7A00BD280F /* Build configuration list for PBXNativeTarget "ChatTests" */ = {
			isa = XCConfigurationList;
			buildConfigurations = (
				035F5863262D5D7A00BD280F /* Debug */,
				035F5864262D5D7A00BD280F /* Release */,
			);
			defaultConfigurationIsVisible = 0;
			defaultConfigurationName = Release;
		};
		035F5865262D5D7A00BD280F /* Build configuration list for PBXNativeTarget "ChatUITests" */ = {
			isa = XCConfigurationList;
			buildConfigurations = (
				035F5866262D5D7A00BD280F /* Debug */,
				035F5867262D5D7A00BD280F /* Release */,
			);
			defaultConfigurationIsVisible = 0;
			defaultConfigurationName = Release;
		};
/* End XCConfigurationList section */
	};
	rootObject = 035F582D262D5D7400BD280F /* Project object */;
}
